
Microsoft Visual Studio Solution File, Format Version 12.00
# Visual Studio Version 16
VisualStudioVersion = 16.0.33801.447
MinimumVisualStudioVersion = 10.0.40219.1
Project("{8BC9CEB8-8B4A-11D0-8D11-00A0C91BC942}") = "Project2", "Project2\Project2.vcxproj", "{106E3558-2941-4FEF-9F56-AE0F1B60F97A}"
EndProject
Project("{8BC9CEB8-8B4A-11D0-8D11-00A0C91BC942}") = "ConsoleApplication1", "ConsoleApplication1\ConsoleApplication1.vcxproj", "{F843AC44-4984-4C26-BF76-8F20CD2DAECD}"
EndProject
Global
	GlobalSection(SolutionConfigurationPlatforms) = preSolution
		Debug|x64 = Debug|x64
		Debug|x86 = Debug|x86
		Release|x64 = Release|x64
		Release|x86 = Release|x86
	EndGlobalSection
	GlobalSection(ProjectConfigurationPlatforms) = postSolution
		{106E3558-2941-4FEF-9F56-AE0F1B60F97A}.Debug|x64.ActiveCfg = Debug|x64
		{106E3558-2941-4FEF-9F56-AE0F1B60F97A}.Debug|x64.Build.0 = Debug|x64
		{106E3558-2941-4FEF-9F56-AE0F1B60F97A}.Debug|x86.ActiveCfg = Debug|Win32
		{106E3558-2941-4FEF-9F56-AE0F1B60F97A}.Debug|x86.Build.0 = Debug|Win32
		{106E3558-2941-4FEF-9F56-AE0F1B60F97A}.Release|x64.ActiveCfg = Release|x64
		{106E3558-2941-4FEF-9F56-AE0F1B60F97A}.Release|x64.Build.0 = Release|x64
		{106E3558-2941-4FEF-9F56-AE0F1B60F97A}.Release|x86.ActiveCfg = Release|Win32
		{106E3558-2941-4FEF-9F56-AE0F1B60F97A}.Release|x86.Build.0 = Release|Win32
		{F843AC44-4984-4C26-BF76-8F20CD2DAECD}.Debug|x64.ActiveCfg = Debug|x64
		{F843AC44-4984-4C26-BF76-8F20CD2DAECD}.Debug|x64.Build.0 = Debug|x64
		{F843AC44-4984-4C26-BF76-8F20CD2DAECD}.Debug|x86.ActiveCfg = Debug|Win32
		{F843AC44-4984-4C26-BF76-8F20CD2DAECD}.Debug|x86.Build.0 = Debug|Win32
		{F843AC44-4984-4C26-BF76-8F20CD2DAECD}.Release|x64.ActiveCfg = Release|x64
		{F843AC44-4984-4C26-BF76-8F20CD2DAECD}.Release|x64.Build.0 = Release|x64
		{F843AC44-4984-4C26-BF76-8F20CD2DAECD}.Release|x86.ActiveCfg = Release|Win32
		{F843AC44-4984-4C26-BF76-8F20CD2DAECD}.Release|x86.Build.0 = Release|Win32
	EndGlobalSection
	GlobalSection(SolutionProperties) = preSolution
		HideSolutionNode = FALSE
	EndGlobalSection
	GlobalSection(ExtensibilityGlobals) = postSolution
		SolutionGuid = {10E04AA1-4237-4A18-8349-624FC130086F}
	EndGlobalSection
EndGlobal
