
Microsoft Visual Studio Solution File, Format Version 12.00
# Visual Studio Version 16
VisualStudioVersion = 16.0.33801.447
MinimumVisualStudioVersion = 10.0.40219.1
Project("{8BC9CEB8-8B4A-11D0-8D11-00A0C91BC942}") = "Project3", "Project3\Project3.vcxproj", "{727CD146-8FA2-4841-81D7-056469AD4053}"
EndProject
Global
	GlobalSection(SolutionConfigurationPlatforms) = preSolution
		Debug|x64 = Debug|x64
		Debug|x86 = Debug|x86
		Release|x64 = Release|x64
		Release|x86 = Release|x86
	EndGlobalSection
	GlobalSection(ProjectConfigurationPlatforms) = postSolution
		{727CD146-8FA2-4841-81D7-056469AD4053}.Debug|x64.ActiveCfg = Debug|x64
		{727CD146-8FA2-4841-81D7-056469AD4053}.Debug|x64.Build.0 = Debug|x64
		{727CD146-8FA2-4841-81D7-056469AD4053}.Debug|x86.ActiveCfg = Debug|Win32
		{727CD146-8FA2-4841-81D7-056469AD4053}.Debug|x86.Build.0 = Debug|Win32
		{727CD146-8FA2-4841-81D7-056469AD4053}.Release|x64.ActiveCfg = Release|x64
		{727CD146-8FA2-4841-81D7-056469AD4053}.Release|x64.Build.0 = Release|x64
		{727CD146-8FA2-4841-81D7-056469AD4053}.Release|x86.ActiveCfg = Release|Win32
		{727CD146-8FA2-4841-81D7-056469AD4053}.Release|x86.Build.0 = Release|Win32
	EndGlobalSection
	GlobalSection(SolutionProperties) = preSolution
		HideSolutionNode = FALSE
	EndGlobalSection
	GlobalSection(ExtensibilityGlobals) = postSolution
		SolutionGuid = {1B68640E-9346-4E62-A1ED-99523562E903}
	EndGlobalSection
EndGlobal
